// !$*UTF8*$!
{
	archiveVersion = 1;
	classes = {
	};
	objectVersion = 46;
	objects = {

/* Begin PBXBuildFile section */
		1B95DDCBFA3C0E32FBAA006C /* libPods.a in Frameworks */ = {isa = PBXBuildFile; fileRef = 91578B2819DE2AD8A3EE13F1 /* libPods.a */; };
		29141D6C1AC703E100FDDC85 /* home_mm@2x.png in Resources */ = {isa = PBXBuildFile; fileRef = 29141D6B1AC703E100FDDC85 /* home_mm@2x.png */; };
		29141D6E1AC7070200FDDC85 /* home_fm@2x.png in Resources */ = {isa = PBXBuildFile; fileRef = 29141D6D1AC7070200FDDC85 /* home_fm@2x.png */; };
		29141D7B1AC7ABB100FDDC85 /* DMChannelManager.m in Sources */ = {isa = PBXBuildFile; fileRef = 29141D7A1AC7ABB100FDDC85 /* DMChannelManager.m */; };
		2940BB031AB87F3C00D1069A /* AppDelegate.m in Sources */ = {isa = PBXBuildFile; fileRef = 2940BAF51AB87F3C00D1069A /* AppDelegate.m */; };
		2940BB051AB87F3C00D1069A /* DoubanMedia.xcdatamodeld in Sources */ = {isa = PBXBuildFile; fileRef = 2940BAFB1AB87F3C00D1069A /* DoubanMedia.xcdatamodeld */; };
		2940BB071AB87F3C00D1069A /* LaunchScreen.xib in Resources */ = {isa = PBXBuildFile; fileRef = 2940BB021AB87F3C00D1069A /* LaunchScreen.xib */; };
		2953C8B11AC2E02B00F62F07 /* DMLoginManager.m in Sources */ = {isa = PBXBuildFile; fileRef = 2953C8B01AC2E02B00F62F07 /* DMLoginManager.m */; };
		296F47121AC187B500231873 /* push_close_normal_btn@2x.png in Resources */ = {isa = PBXBuildFile; fileRef = 296F470F1AC187B500231873 /* push_close_normal_btn@2x.png */; };
		296F47131AC187B500231873 /* splash_screen_logo.png in Resources */ = {isa = PBXBuildFile; fileRef = 296F47101AC187B500231873 /* splash_screen_logo.png */; };
		296F47141AC187B500231873 /* splash_screen_wave.png in Resources */ = {isa = PBXBuildFile; fileRef = 296F47111AC187B500231873 /* splash_screen_wave.png */; };
		29756D8D1ACD9F940011A8E7 /* AlbumRoundView.m in Sources */ = {isa = PBXBuildFile; fileRef = 29756D8C1ACD9F940011A8E7 /* AlbumRoundView.m */; };
		2976254A1AB675DE00008804 /* main.m in Sources */ = {isa = PBXBuildFile; fileRef = 297625491AB675DE00008804 /* main.m */; };
		297625581AB675DE00008804 /* Images.xcassets in Resources */ = {isa = PBXBuildFile; fileRef = 297625571AB675DE00008804 /* Images.xcassets */; };
		297625671AB675DE00008804 /* DoubanMediaTests.m in Sources */ = {isa = PBXBuildFile; fileRef = 297625661AB675DE00008804 /* DoubanMediaTests.m */; };
		2978D1971AC035D4005CB2F3 /* Com_navigationController.m in Sources */ = {isa = PBXBuildFile; fileRef = 2978D1961AC035D4005CB2F3 /* Com_navigationController.m */; };
		2978D19C1AC064BC005CB2F3 /* DMFMChannelController.m in Sources */ = {isa = PBXBuildFile; fileRef = 2978D19B1AC064BC005CB2F3 /* DMFMChannelController.m */; };
		297AE74D1ACA4FA90037448C /* FMChannel.m in Sources */ = {isa = PBXBuildFile; fileRef = 297AE74C1ACA4FA90037448C /* FMChannel.m */; };
		297AE7521ACAC14F0037448C /* DMMusicPlayerController.m in Sources */ = {isa = PBXBuildFile; fileRef = 297AE7511ACAC14F0037448C /* DMMusicPlayerController.m */; };
		297FFCD61AD01C3D00A6D3EE /* DMDeviceManager.m in Sources */ = {isa = PBXBuildFile; fileRef = 297FFCD51AD01C3D00A6D3EE /* DMDeviceManager.m */; };
		297FFCEF1AD03CF700A6D3EE /* BackToList.png in Resources */ = {isa = PBXBuildFile; fileRef = 297FFCD81AD03CF700A6D3EE /* BackToList.png */; };
		297FFCF01AD03CF700A6D3EE /* cell_bg@2x.png in Resources */ = {isa = PBXBuildFile; fileRef = 297FFCD91AD03CF700A6D3EE /* cell_bg@2x.png */; };
		297FFCF11AD03CF700A6D3EE /* DBFM.png in Resources */ = {isa = PBXBuildFile; fileRef = 297FFCDA1AD03CF700A6D3EE /* DBFM.png */; };
		297FFCF21AD03CF700A6D3EE /* FMPlayBg-568h@2x.png in Resources */ = {isa = PBXBuildFile; fileRef = 297FFCDB1AD03CF700A6D3EE /* FMPlayBg-568h@2x.png */; };
		297FFCF31AD03CF700A6D3EE /* FMPlayBg@2x.png in Resources */ = {isa = PBXBuildFile; fileRef = 297FFCDC1AD03CF700A6D3EE /* FMPlayBg@2x.png */; };
		297FFCF41AD03CF700A6D3EE /* ic_menu_normal.png in Resources */ = {isa = PBXBuildFile; fileRef = 297FFCDD1AD03CF700A6D3EE /* ic_menu_normal.png */; };
		297FFCF51AD03CF700A6D3EE /* ic_player_ban.png in Resources */ = {isa = PBXBuildFile; fileRef = 297FFCDE1AD03CF700A6D3EE /* ic_player_ban.png */; };
		297FFCF61AD03CF700A6D3EE /* ic_player_ban_disable.png in Resources */ = {isa = PBXBuildFile; fileRef = 297FFCDF1AD03CF700A6D3EE /* ic_player_ban_disable.png */; };
		297FFCF71AD03CF700A6D3EE /* ic_player_ban_highlight.png in Resources */ = {isa = PBXBuildFile; fileRef = 297FFCE01AD03CF700A6D3EE /* ic_player_ban_highlight.png */; };
		297FFCF81AD03CF700A6D3EE /* ic_player_fav.png in Resources */ = {isa = PBXBuildFile; fileRef = 297FFCE11AD03CF700A6D3EE /* ic_player_fav.png */; };
		297FFCF91AD03CF700A6D3EE /* ic_player_fav_disable.png in Resources */ = {isa = PBXBuildFile; fileRef = 297FFCE21AD03CF700A6D3EE /* ic_player_fav_disable.png */; };
		297FFCFA1AD03CF700A6D3EE /* ic_player_fav_highlight.png in Resources */ = {isa = PBXBuildFile; fileRef = 297FFCE31AD03CF700A6D3EE /* ic_player_fav_highlight.png */; };
		297FFCFB1AD03CF700A6D3EE /* ic_player_fav_selected.png in Resources */ = {isa = PBXBuildFile; fileRef = 297FFCE41AD03CF700A6D3EE /* ic_player_fav_selected.png */; };
		297FFCFC1AD03CF700A6D3EE /* ic_player_fav_selected_highlight.png in Resources */ = {isa = PBXBuildFile; fileRef = 297FFCE51AD03CF700A6D3EE /* ic_player_fav_selected_highlight.png */; };
		297FFCFD1AD03CF700A6D3EE /* ic_player_next.png in Resources */ = {isa = PBXBuildFile; fileRef = 297FFCE61AD03CF700A6D3EE /* ic_player_next.png */; };
		297FFCFE1AD03CF700A6D3EE /* ic_player_next_disable.png in Resources */ = {isa = PBXBuildFile; fileRef = 297FFCE71AD03CF700A6D3EE /* ic_player_next_disable.png */; };
		297FFCFF1AD03CF700A6D3EE /* ic_player_next_highlight.png in Resources */ = {isa = PBXBuildFile; fileRef = 297FFCE81AD03CF700A6D3EE /* ic_player_next_highlight.png */; };
		297FFD001AD03CF700A6D3EE /* Nav_play.png in Resources */ = {isa = PBXBuildFile; fileRef = 297FFCE91AD03CF700A6D3EE /* Nav_play.png */; };
		297FFD011AD03CF700A6D3EE /* pause.png in Resources */ = {isa = PBXBuildFile; fileRef = 297FFCEA1AD03CF700A6D3EE /* pause.png */; };
		297FFD021AD03CF700A6D3EE /* play_sound@2x.png in Resources */ = {isa = PBXBuildFile; fileRef = 297FFCEB1AD03CF700A6D3EE /* play_sound@2x.png */; };
		297FFD031AD03CF700A6D3EE /* playAnimation_play.png in Resources */ = {isa = PBXBuildFile; fileRef = 297FFCEC1AD03CF700A6D3EE /* playAnimation_play.png */; };
		297FFD041AD03CF700A6D3EE /* refresh_pressed.png in Resources */ = {isa = PBXBuildFile; fileRef = 297FFCED1AD03CF700A6D3EE /* refresh_pressed.png */; };
		297FFD051AD03CF700A6D3EE /* start.png in Resources */ = {isa = PBXBuildFile; fileRef = 297FFCEE1AD03CF700A6D3EE /* start.png */; };
		2999D9791ABB134400F43C54 /* RootTabView.m in Sources */ = {isa = PBXBuildFile; fileRef = 2999D9781ABB134400F43C54 /* RootTabView.m */; };
		29A35B081AC6624900C2C2ED /* BaseTableViewCell.m in Sources */ = {isa = PBXBuildFile; fileRef = 29A35B071AC6624900C2C2ED /* BaseTableViewCell.m */; };
		29A35B0B1AC6879200C2C2ED /* UIImage+DMResizeImage.m in Sources */ = {isa = PBXBuildFile; fileRef = 29A35B0A1AC6879200C2C2ED /* UIImage+DMResizeImage.m */; };
		29A35B0E1AC68DEF00C2C2ED /* BaseTableView.m in Sources */ = {isa = PBXBuildFile; fileRef = 29A35B0D1AC68DEF00C2C2ED /* BaseTableView.m */; };
		29A35B121AC698F200C2C2ED /* DMFMTableViewCell.m in Sources */ = {isa = PBXBuildFile; fileRef = 29A35B111AC698F200C2C2ED /* DMFMTableViewCell.m */; };
		29A35B141AC6A3A100C2C2ED /* redMusicIncon.png in Resources */ = {isa = PBXBuildFile; fileRef = 29A35B131AC6A3A100C2C2ED /* redMusicIncon.png */; };
		29A35B171AC6D5D700C2C2ED /* DMFMUserHeaderView.m in Sources */ = {isa = PBXBuildFile; fileRef = 29A35B161AC6D5D700C2C2ED /* DMFMUserHeaderView.m */; };
		29B4D1081ABEBCA300899F29 /* TabItem.m in Sources */ = {isa = PBXBuildFile; fileRef = 29B4D1071ABEBCA300899F29 /* TabItem.m */; };
		29B4D1521ABEBE7200899F29 /* Default-568h@2x.png in Resources */ = {isa = PBXBuildFile; fileRef = 29B4D10C1ABEBE7200899F29 /* Default-568h@2x.png */; };
		29B4D1531ABEBE7200899F29 /* Default.png in Resources */ = {isa = PBXBuildFile; fileRef = 29B4D10D1ABEBE7200899F29 /* Default.png */; };
		29B4D1541ABEBE7200899F29 /* Default@2x.png in Resources */ = {isa = PBXBuildFile; fileRef = 29B4D10E1ABEBE7200899F29 /* Default@2x.png */; };
		29B4D1551ABEBE7200899F29 /* Icon.png in Resources */ = {isa = PBXBuildFile; fileRef = 29B4D1101ABEBE7200899F29 /* Icon.png */; };
		29B4D1561ABEBE7200899F29 /* Icon@2x.png in Resources */ = {isa = PBXBuildFile; fileRef = 29B4D1111ABEBE7200899F29 /* Icon@2x.png */; };
		29B4D1571ABEBE7200899F29 /* defaultmovie@2x.png in Resources */ = {isa = PBXBuildFile; fileRef = 29B4D1131ABEBE7200899F29 /* defaultmovie@2x.png */; };
		29B4D1581ABEBE7200899F29 /* ic_star_gray@2x.png in Resources */ = {isa = PBXBuildFile; fileRef = 29B4D1141ABEBE7200899F29 /* ic_star_gray@2x.png */; };
		29B4D1591ABEBE7200899F29 /* ic_star_half@2x.png in Resources */ = {isa = PBXBuildFile; fileRef = 29B4D1151ABEBE7200899F29 /* ic_star_half@2x.png */; };
		29B4D15A1ABEBE7200899F29 /* ic_star_red@2x.png in Resources */ = {isa = PBXBuildFile; fileRef = 29B4D1161ABEBE7200899F29 /* ic_star_red@2x.png */; };
		29B4D15B1ABEBE7200899F29 /* l_star_half@2x.png in Resources */ = {isa = PBXBuildFile; fileRef = 29B4D1171ABEBE7200899F29 /* l_star_half@2x.png */; };
		29B4D15C1ABEBE7200899F29 /* l_star_red@2x.png in Resources */ = {isa = PBXBuildFile; fileRef = 29B4D1181ABEBE7200899F29 /* l_star_red@2x.png */; };
		29B4D15D1ABEBE7200899F29 /* l_star_white@2x.png in Resources */ = {isa = PBXBuildFile; fileRef = 29B4D1191ABEBE7200899F29 /* l_star_white@2x.png */; };
		29B4D15E1ABEBE7200899F29 /* star_faved@2x.png in Resources */ = {isa = PBXBuildFile; fileRef = 29B4D11A1ABEBE7200899F29 /* star_faved@2x.png */; };
		29B4D15F1ABEBE7200899F29 /* star_half@2x.png in Resources */ = {isa = PBXBuildFile; fileRef = 29B4D11B1ABEBE7200899F29 /* star_half@2x.png */; };
		29B4D1601ABEBE7200899F29 /* star_red@2x.png in Resources */ = {isa = PBXBuildFile; fileRef = 29B4D11C1ABEBE7200899F29 /* star_red@2x.png */; };
		29B4D1611ABEBE7200899F29 /* star_unfav@2x.png in Resources */ = {isa = PBXBuildFile; fileRef = 29B4D11D1ABEBE7200899F29 /* star_unfav@2x.png */; };
		29B4D1621ABEBE7200899F29 /* star_white@2x.png in Resources */ = {isa = PBXBuildFile; fileRef = 29B4D11E1ABEBE7200899F29 /* star_white@2x.png */; };
		29B4D1631ABEBE7200899F29 /* starIcon.png in Resources */ = {isa = PBXBuildFile; fileRef = 29B4D11F1ABEBE7200899F29 /* starIcon.png */; };
		29B4D1781ABEBE7200899F29 /* loading@2x.png in Resources */ = {isa = PBXBuildFile; fileRef = 29B4D1361ABEBE7200899F29 /* loading@2x.png */; };
		29B4D1791ABEBE7200899F29 /* CoverIcon.jpg in Resources */ = {isa = PBXBuildFile; fileRef = 29B4D1381ABEBE7200899F29 /* CoverIcon.jpg */; };
		29B4D17A1ABEBE7200899F29 /* Dock_play.png in Resources */ = {isa = PBXBuildFile; fileRef = 29B4D1391ABEBE7200899F29 /* Dock_play.png */; };
		29B4D17B1ABEBE7200899F29 /* musicincon.png in Resources */ = {isa = PBXBuildFile; fileRef = 29B4D13A1ABEBE7200899F29 /* musicincon.png */; };
		29B4D17C1ABEBE7200899F29 /* new_top.png in Resources */ = {isa = PBXBuildFile; fileRef = 29B4D13B1ABEBE7200899F29 /* new_top.png */; };
		29B4D17D1ABEBE7200899F29 /* original_top.png in Resources */ = {isa = PBXBuildFile; fileRef = 29B4D13C1ABEBE7200899F29 /* original_top.png */; };
		29B4D17E1ABEBE7200899F29 /* PlayStop.png in Resources */ = {isa = PBXBuildFile; fileRef = 29B4D13D1ABEBE7200899F29 /* PlayStop.png */; };
		29B4D17F1ABEBE7200899F29 /* radio_top.png in Resources */ = {isa = PBXBuildFile; fileRef = 29B4D13E1ABEBE7200899F29 /* radio_top.png */; };
		29B4D1801ABEBE7200899F29 /* red_top.png in Resources */ = {isa = PBXBuildFile; fileRef = 29B4D13F1ABEBE7200899F29 /* red_top.png */; };
		29B4D1811ABEBE7200899F29 /* surge_top.png in Resources */ = {isa = PBXBuildFile; fileRef = 29B4D1401ABEBE7200899F29 /* surge_top.png */; };
		29B4D1821ABEBE7200899F29 /* Author.jpg in Resources */ = {isa = PBXBuildFile; fileRef = 29B4D1421ABEBE7200899F29 /* Author.jpg */; };
		29B4D1831ABEBE7200899F29 /* Back_Setting.png in Resources */ = {isa = PBXBuildFile; fileRef = 29B4D1431ABEBE7200899F29 /* Back_Setting.png */; };
		29B4D1841ABEBE7200899F29 /* Settingforward_pressed@2x.png in Resources */ = {isa = PBXBuildFile; fileRef = 29B4D1441ABEBE7200899F29 /* Settingforward_pressed@2x.png */; };
		29B4D1851ABEBE7200899F29 /* user_normal.jpg in Resources */ = {isa = PBXBuildFile; fileRef = 29B4D1451ABEBE7200899F29 /* user_normal.jpg */; };
		29B4D1861ABEBE7200899F29 /* home_film@2x.png in Resources */ = {isa = PBXBuildFile; fileRef = 29B4D1471ABEBE7200899F29 /* home_film@2x.png */; };
		29B4D1891ABEBE7200899F29 /* morePage_setting@2x.png in Resources */ = {isa = PBXBuildFile; fileRef = 29B4D14A1ABEBE7200899F29 /* morePage_setting@2x.png */; };
		29B4D18A1ABEBE7200899F29 /* TabBar_bg@2x.png in Resources */ = {isa = PBXBuildFile; fileRef = 29B4D14B1ABEBE7200899F29 /* TabBar_bg@2x.png */; };
		29B4D18B1ABEBE7200899F29 /* TabBarItem_Selected@2x.png in Resources */ = {isa = PBXBuildFile; fileRef = 29B4D14C1ABEBE7200899F29 /* TabBarItem_Selected@2x.png */; };
		29B4D18C1ABEBE7200899F29 /* AboutAuthor.txt in Resources */ = {isa = PBXBuildFile; fileRef = 29B4D14E1ABEBE7200899F29 /* AboutAuthor.txt */; };
		29B4D18D1ABEBE7200899F29 /* channels.plist in Resources */ = {isa = PBXBuildFile; fileRef = 29B4D14F1ABEBE7200899F29 /* channels.plist */; };
		29B4D18E1ABEBE7200899F29 /* Music_ranking.plist in Resources */ = {isa = PBXBuildFile; fileRef = 29B4D1501ABEBE7200899F29 /* Music_ranking.plist */; };
		29B4D18F1ABEBE7200899F29 /* setlist.plist in Resources */ = {isa = PBXBuildFile; fileRef = 29B4D1511ABEBE7200899F29 /* setlist.plist */; };
		29B4D1921ABF0D6C00899F29 /* RootViewController.m in Sources */ = {isa = PBXBuildFile; fileRef = 29B4D1911ABF0D6C00899F29 /* RootViewController.m */; };
		29BE7A4B1AC1668700963F97 /* DMLoginViewController.m in Sources */ = {isa = PBXBuildFile; fileRef = 29BE7A4A1AC1668700963F97 /* DMLoginViewController.m */; };
		29D07B891ACAF33F00B3D69E /* DMPlayerView.m in Sources */ = {isa = PBXBuildFile; fileRef = 29D07B881ACAF33F00B3D69E /* DMPlayerView.m */; };
		29FC25E51AC452870055A770 /* AccountInfo.m in Sources */ = {isa = PBXBuildFile; fileRef = 29FC25E41AC452870055A770 /* AccountInfo.m */; };
		29FC40371ABB0BAA005D97DC /* Main.storyboard in Resources */ = {isa = PBXBuildFile; fileRef = 29FC40361ABB0BAA005D97DC /* Main.storyboard */; };
		8A544CE265375C9223304D52 /* Podfile in Resources */ = {isa = PBXBuildFile; fileRef = 8A544F34E9223A3F392A68E8 /* Podfile */; };
/* End PBXBuildFile section */

/* Begin PBXContainerItemProxy section */
		297625611AB675DE00008804 /* PBXContainerItemProxy */ = {
			isa = PBXContainerItemProxy;
			containerPortal = 2976253C1AB675DE00008804 /* Project object */;
			proxyType = 1;
			remoteGlobalIDString = 297625431AB675DE00008804;
			remoteInfo = DoubanMedia;
		};
/* End PBXContainerItemProxy section */

/* Begin PBXFileReference section */
		29141D6B1AC703E100FDDC85 /* home_mm@2x.png */ = {isa = PBXFileReference; lastKnownFileType = image.png; path = "home_mm@2x.png"; sourceTree = "<group>"; };
		29141D6D1AC7070200FDDC85 /* home_fm@2x.png */ = {isa = PBXFileReference; lastKnownFileType = image.png; path = "home_fm@2x.png"; sourceTree = "<group>"; };
		29141D791AC7ABB100FDDC85 /* DMChannelManager.h */ = {isa = PBXFileReference; fileEncoding = 4; lastKnownFileType = sourcecode.c.h; path = DMChannelManager.h; sourceTree = "<group>"; };
		29141D7A1AC7ABB100FDDC85 /* DMChannelManager.m */ = {isa = PBXFileReference; fileEncoding = 4; lastKnownFileType = sourcecode.c.objc; path = DMChannelManager.m; sourceTree = "<group>"; };
		2940BAF41AB87F3C00D1069A /* AppDelegate.h */ = {isa = PBXFileReference; fileEncoding = 4; lastKnownFileType = sourcecode.c.h; path = AppDelegate.h; sourceTree = "<group>"; };
		2940BAF51AB87F3C00D1069A /* AppDelegate.m */ = {isa = PBXFileReference; fileEncoding = 4; lastKnownFileType = sourcecode.c.objc; path = AppDelegate.m; sourceTree = "<group>"; };
		2940BAFC1AB87F3C00D1069A /* DoubanMedia.xcdatamodel */ = {isa = PBXFileReference; lastKnownFileType = wrapper.xcdatamodel; path = DoubanMedia.xcdatamodel; sourceTree = "<group>"; };
		2940BB021AB87F3C00D1069A /* LaunchScreen.xib */ = {isa = PBXFileReference; fileEncoding = 4; lastKnownFileType = file.xib; path = LaunchScreen.xib; sourceTree = "<group>"; };
		2953C8AF1AC2E02B00F62F07 /* DMLoginManager.h */ = {isa = PBXFileReference; fileEncoding = 4; lastKnownFileType = sourcecode.c.h; path = DMLoginManager.h; sourceTree = "<group>"; };
		2953C8B01AC2E02B00F62F07 /* DMLoginManager.m */ = {isa = PBXFileReference; fileEncoding = 4; lastKnownFileType = sourcecode.c.objc; path = DMLoginManager.m; sourceTree = "<group>"; };
		296F470F1AC187B500231873 /* push_close_normal_btn@2x.png */ = {isa = PBXFileReference; lastKnownFileType = image.png; path = "push_close_normal_btn@2x.png"; sourceTree = "<group>"; };
		296F47101AC187B500231873 /* splash_screen_logo.png */ = {isa = PBXFileReference; lastKnownFileType = image.png; path = splash_screen_logo.png; sourceTree = "<group>"; };
		296F47111AC187B500231873 /* splash_screen_wave.png */ = {isa = PBXFileReference; lastKnownFileType = image.png; path = splash_screen_wave.png; sourceTree = "<group>"; };
		29756D8B1ACD9F940011A8E7 /* AlbumRoundView.h */ = {isa = PBXFileReference; fileEncoding = 4; lastKnownFileType = sourcecode.c.h; path = AlbumRoundView.h; sourceTree = "<group>"; };
		29756D8C1ACD9F940011A8E7 /* AlbumRoundView.m */ = {isa = PBXFileReference; fileEncoding = 4; lastKnownFileType = sourcecode.c.objc; path = AlbumRoundView.m; sourceTree = "<group>"; };
		297625441AB675DE00008804 /* DoubanMedia.app */ = {isa = PBXFileReference; explicitFileType = wrapper.application; includeInIndex = 0; path = DoubanMedia.app; sourceTree = BUILT_PRODUCTS_DIR; };
		297625481AB675DE00008804 /* Info.plist */ = {isa = PBXFileReference; lastKnownFileType = text.plist.xml; path = Info.plist; sourceTree = "<group>"; };
		297625491AB675DE00008804 /* main.m */ = {isa = PBXFileReference; lastKnownFileType = sourcecode.c.objc; path = main.m; sourceTree = "<group>"; };
		297625571AB675DE00008804 /* Images.xcassets */ = {isa = PBXFileReference; lastKnownFileType = folder.assetcatalog; name = Images.xcassets; path = ../Images.xcassets; sourceTree = "<group>"; };
		297625601AB675DE00008804 /* DoubanMediaTests.xctest */ = {isa = PBXFileReference; explicitFileType = wrapper.cfbundle; includeInIndex = 0; path = DoubanMediaTests.xctest; sourceTree = BUILT_PRODUCTS_DIR; };
		297625651AB675DE00008804 /* Info.plist */ = {isa = PBXFileReference; lastKnownFileType = text.plist.xml; path = Info.plist; sourceTree = "<group>"; };
		297625661AB675DE00008804 /* DoubanMediaTests.m */ = {isa = PBXFileReference; lastKnownFileType = sourcecode.c.objc; path = DoubanMediaTests.m; sourceTree = "<group>"; };
		2976E8431AC4254C0016DD88 /* DoubanMedia.pch */ = {isa = PBXFileReference; fileEncoding = 4; lastKnownFileType = sourcecode.c.h; path = DoubanMedia.pch; sourceTree = "<group>"; };
		2978D1951AC035D4005CB2F3 /* Com_navigationController.h */ = {isa = PBXFileReference; fileEncoding = 4; lastKnownFileType = sourcecode.c.h; path = Com_navigationController.h; sourceTree = "<group>"; };
		2978D1961AC035D4005CB2F3 /* Com_navigationController.m */ = {isa = PBXFileReference; fileEncoding = 4; lastKnownFileType = sourcecode.c.objc; path = Com_navigationController.m; sourceTree = "<group>"; };
		2978D19A1AC064BC005CB2F3 /* DMFMChannelController.h */ = {isa = PBXFileReference; fileEncoding = 4; lastKnownFileType = sourcecode.c.h; path = DMFMChannelController.h; sourceTree = "<group>"; };
		2978D19B1AC064BC005CB2F3 /* DMFMChannelController.m */ = {isa = PBXFileReference; fileEncoding = 4; lastKnownFileType = sourcecode.c.objc; path = DMFMChannelController.m; sourceTree = "<group>"; };
		297AE74B1ACA4FA90037448C /* FMChannel.h */ = {isa = PBXFileReference; fileEncoding = 4; lastKnownFileType = sourcecode.c.h; path = FMChannel.h; sourceTree = "<group>"; };
		297AE74C1ACA4FA90037448C /* FMChannel.m */ = {isa = PBXFileReference; fileEncoding = 4; lastKnownFileType = sourcecode.c.objc; path = FMChannel.m; sourceTree = "<group>"; };
		297AE7501ACAC14F0037448C /* DMMusicPlayerController.h */ = {isa = PBXFileReference; fileEncoding = 4; lastKnownFileType = sourcecode.c.h; path = DMMusicPlayerController.h; sourceTree = "<group>"; };
		297AE7511ACAC14F0037448C /* DMMusicPlayerController.m */ = {isa = PBXFileReference; fileEncoding = 4; lastKnownFileType = sourcecode.c.objc; path = DMMusicPlayerController.m; sourceTree = "<group>"; };
		297FFCD41AD01C3D00A6D3EE /* DMDeviceManager.h */ = {isa = PBXFileReference; fileEncoding = 4; lastKnownFileType = sourcecode.c.h; path = DMDeviceManager.h; sourceTree = "<group>"; };
		297FFCD51AD01C3D00A6D3EE /* DMDeviceManager.m */ = {isa = PBXFileReference; fileEncoding = 4; lastKnownFileType = sourcecode.c.objc; path = DMDeviceManager.m; sourceTree = "<group>"; };
		297FFCD81AD03CF700A6D3EE /* BackToList.png */ = {isa = PBXFileReference; lastKnownFileType = image.png; path = BackToList.png; sourceTree = "<group>"; };
		297FFCD91AD03CF700A6D3EE /* cell_bg@2x.png */ = {isa = PBXFileReference; lastKnownFileType = image.png; path = "cell_bg@2x.png"; sourceTree = "<group>"; };
		297FFCDA1AD03CF700A6D3EE /* DBFM.png */ = {isa = PBXFileReference; lastKnownFileType = image.png; path = DBFM.png; sourceTree = "<group>"; };
		297FFCDB1AD03CF700A6D3EE /* FMPlayBg-568h@2x.png */ = {isa = PBXFileReference; lastKnownFileType = image.png; path = "FMPlayBg-568h@2x.png"; sourceTree = "<group>"; };
		297FFCDC1AD03CF700A6D3EE /* FMPlayBg@2x.png */ = {isa = PBXFileReference; lastKnownFileType = image.png; path = "FMPlayBg@2x.png"; sourceTree = "<group>"; };
		297FFCDD1AD03CF700A6D3EE /* ic_menu_normal.png */ = {isa = PBXFileReference; lastKnownFileType = image.png; path = ic_menu_normal.png; sourceTree = "<group>"; };
		297FFCDE1AD03CF700A6D3EE /* ic_player_ban.png */ = {isa = PBXFileReference; lastKnownFileType = image.png; path = ic_player_ban.png; sourceTree = "<group>"; };
		297FFCDF1AD03CF700A6D3EE /* ic_player_ban_disable.png */ = {isa = PBXFileReference; lastKnownFileType = image.png; path = ic_player_ban_disable.png; sourceTree = "<group>"; };
		297FFCE01AD03CF700A6D3EE /* ic_player_ban_highlight.png */ = {isa = PBXFileReference; lastKnownFileType = image.png; path = ic_player_ban_highlight.png; sourceTree = "<group>"; };
		297FFCE11AD03CF700A6D3EE /* ic_player_fav.png */ = {isa = PBXFileReference; lastKnownFileType = image.png; path = ic_player_fav.png; sourceTree = "<group>"; };
		297FFCE21AD03CF700A6D3EE /* ic_player_fav_disable.png */ = {isa = PBXFileReference; lastKnownFileType = image.png; path = ic_player_fav_disable.png; sourceTree = "<group>"; };
		297FFCE31AD03CF700A6D3EE /* ic_player_fav_highlight.png */ = {isa = PBXFileReference; lastKnownFileType = image.png; path = ic_player_fav_highlight.png; sourceTree = "<group>"; };
		297FFCE41AD03CF700A6D3EE /* ic_player_fav_selected.png */ = {isa = PBXFileReference; lastKnownFileType = image.png; path = ic_player_fav_selected.png; sourceTree = "<group>"; };
		297FFCE51AD03CF700A6D3EE /* ic_player_fav_selected_highlight.png */ = {isa = PBXFileReference; lastKnownFileType = image.png; path = ic_player_fav_selected_highlight.png; sourceTree = "<group>"; };
		297FFCE61AD03CF700A6D3EE /* ic_player_next.png */ = {isa = PBXFileReference; lastKnownFileType = image.png; path = ic_player_next.png; sourceTree = "<group>"; };
		297FFCE71AD03CF700A6D3EE /* ic_player_next_disable.png */ = {isa = PBXFileReference; lastKnownFileType = image.png; path = ic_player_next_disable.png; sourceTree = "<group>"; };
		297FFCE81AD03CF700A6D3EE /* ic_player_next_highlight.png */ = {isa = PBXFileReference; lastKnownFileType = image.png; path = ic_player_next_highlight.png; sourceTree = "<group>"; };
		297FFCE91AD03CF700A6D3EE /* Nav_play.png */ = {isa = PBXFileReference; lastKnownFileType = image.png; path = Nav_play.png; sourceTree = "<group>"; };
		297FFCEA1AD03CF700A6D3EE /* pause.png */ = {isa = PBXFileReference; lastKnownFileType = image.png; path = pause.png; sourceTree = "<group>"; };
		297FFCEB1AD03CF700A6D3EE /* play_sound@2x.png */ = {isa = PBXFileReference; lastKnownFileType = image.png; path = "play_sound@2x.png"; sourceTree = "<group>"; };
		297FFCEC1AD03CF700A6D3EE /* playAnimation_play.png */ = {isa = PBXFileReference; lastKnownFileType = image.png; path = playAnimation_play.png; sourceTree = "<group>"; };
		297FFCED1AD03CF700A6D3EE /* refresh_pressed.png */ = {isa = PBXFileReference; lastKnownFileType = image.png; path = refresh_pressed.png; sourceTree = "<group>"; };
		297FFCEE1AD03CF700A6D3EE /* start.png */ = {isa = PBXFileReference; lastKnownFileType = image.png; path = start.png; sourceTree = "<group>"; };
		2999D9761ABB12BA00F43C54 /* DMGlobal.h */ = {isa = PBXFileReference; fileEncoding = 4; lastKnownFileType = sourcecode.c.h; path = DMGlobal.h; sourceTree = "<group>"; };
		2999D9771ABB134400F43C54 /* RootTabView.h */ = {isa = PBXFileReference; fileEncoding = 4; lastKnownFileType = sourcecode.c.h; path = RootTabView.h; sourceTree = "<group>"; };
		2999D9781ABB134400F43C54 /* RootTabView.m */ = {isa = PBXFileReference; fileEncoding = 4; lastKnownFileType = sourcecode.c.objc; path = RootTabView.m; sourceTree = "<group>"; };
		29A35B061AC6624900C2C2ED /* BaseTableViewCell.h */ = {isa = PBXFileReference; fileEncoding = 4; lastKnownFileType = sourcecode.c.h; path = BaseTableViewCell.h; sourceTree = "<group>"; };
		29A35B071AC6624900C2C2ED /* BaseTableViewCell.m */ = {isa = PBXFileReference; fileEncoding = 4; lastKnownFileType = sourcecode.c.objc; path = BaseTableViewCell.m; sourceTree = "<group>"; };
		29A35B091AC6879200C2C2ED /* UIImage+DMResizeImage.h */ = {isa = PBXFileReference; fileEncoding = 4; lastKnownFileType = sourcecode.c.h; path = "UIImage+DMResizeImage.h"; sourceTree = "<group>"; };
		29A35B0A1AC6879200C2C2ED /* UIImage+DMResizeImage.m */ = {isa = PBXFileReference; fileEncoding = 4; lastKnownFileType = sourcecode.c.objc; path = "UIImage+DMResizeImage.m"; sourceTree = "<group>"; };
		29A35B0C1AC68DEF00C2C2ED /* BaseTableView.h */ = {isa = PBXFileReference; fileEncoding = 4; lastKnownFileType = sourcecode.c.h; path = BaseTableView.h; sourceTree = "<group>"; };
		29A35B0D1AC68DEF00C2C2ED /* BaseTableView.m */ = {isa = PBXFileReference; fileEncoding = 4; lastKnownFileType = sourcecode.c.objc; path = BaseTableView.m; sourceTree = "<group>"; };
		29A35B101AC698F200C2C2ED /* DMFMTableViewCell.h */ = {isa = PBXFileReference; fileEncoding = 4; lastKnownFileType = sourcecode.c.h; path = DMFMTableViewCell.h; sourceTree = "<group>"; };
		29A35B111AC698F200C2C2ED /* DMFMTableViewCell.m */ = {isa = PBXFileReference; fileEncoding = 4; lastKnownFileType = sourcecode.c.objc; path = DMFMTableViewCell.m; sourceTree = "<group>"; };
		29A35B131AC6A3A100C2C2ED /* redMusicIncon.png */ = {isa = PBXFileReference; lastKnownFileType = image.png; path = redMusicIncon.png; sourceTree = "<group>"; };
		29A35B151AC6D5D700C2C2ED /* DMFMUserHeaderView.h */ = {isa = PBXFileReference; fileEncoding = 4; lastKnownFileType = sourcecode.c.h; path = DMFMUserHeaderView.h; sourceTree = "<group>"; };
		29A35B161AC6D5D700C2C2ED /* DMFMUserHeaderView.m */ = {isa = PBXFileReference; fileEncoding = 4; lastKnownFileType = sourcecode.c.objc; path = DMFMUserHeaderView.m; sourceTree = "<group>"; };
		29B4D1061ABEBCA300899F29 /* TabItem.h */ = {isa = PBXFileReference; fileEncoding = 4; lastKnownFileType = sourcecode.c.h; path = TabItem.h; sourceTree = "<group>"; };
		29B4D1071ABEBCA300899F29 /* TabItem.m */ = {isa = PBXFileReference; fileEncoding = 4; lastKnownFileType = sourcecode.c.objc; path = TabItem.m; sourceTree = "<group>"; };
		29B4D10C1ABEBE7200899F29 /* Default-568h@2x.png */ = {isa = PBXFileReference; lastKnownFileType = image.png; path = "Default-568h@2x.png"; sourceTree = "<group>"; };
		29B4D10D1ABEBE7200899F29 /* Default.png */ = {isa = PBXFileReference; lastKnownFileType = image.png; path = Default.png; sourceTree = "<group>"; };
		29B4D10E1ABEBE7200899F29 /* Default@2x.png */ = {isa = PBXFileReference; lastKnownFileType = image.png; path = "Default@2x.png"; sourceTree = "<group>"; };
		29B4D1101ABEBE7200899F29 /* Icon.png */ = {isa = PBXFileReference; lastKnownFileType = image.png; path = Icon.png; sourceTree = "<group>"; };
		29B4D1111ABEBE7200899F29 /* Icon@2x.png */ = {isa = PBXFileReference; lastKnownFileType = image.png; path = "Icon@2x.png"; sourceTree = "<group>"; };
		29B4D1131ABEBE7200899F29 /* defaultmovie@2x.png */ = {isa = PBXFileReference; lastKnownFileType = image.png; path = "defaultmovie@2x.png"; sourceTree = "<group>"; };
		29B4D1141ABEBE7200899F29 /* ic_star_gray@2x.png */ = {isa = PBXFileReference; lastKnownFileType = image.png; path = "ic_star_gray@2x.png"; sourceTree = "<group>"; };
		29B4D1151ABEBE7200899F29 /* ic_star_half@2x.png */ = {isa = PBXFileReference; lastKnownFileType = image.png; path = "ic_star_half@2x.png"; sourceTree = "<group>"; };
		29B4D1161ABEBE7200899F29 /* ic_star_red@2x.png */ = {isa = PBXFileReference; lastKnownFileType = image.png; path = "ic_star_red@2x.png"; sourceTree = "<group>"; };
		29B4D1171ABEBE7200899F29 /* l_star_half@2x.png */ = {isa = PBXFileReference; lastKnownFileType = image.png; path = "l_star_half@2x.png"; sourceTree = "<group>"; };
		29B4D1181ABEBE7200899F29 /* l_star_red@2x.png */ = {isa = PBXFileReference; lastKnownFileType = image.png; path = "l_star_red@2x.png"; sourceTree = "<group>"; };
		29B4D1191ABEBE7200899F29 /* l_star_white@2x.png */ = {isa = PBXFileReference; lastKnownFileType = image.png; path = "l_star_white@2x.png"; sourceTree = "<group>"; };
		29B4D11A1ABEBE7200899F29 /* star_faved@2x.png */ = {isa = PBXFileReference; lastKnownFileType = image.png; path = "star_faved@2x.png"; sourceTree = "<group>"; };
		29B4D11B1ABEBE7200899F29 /* star_half@2x.png */ = {isa = PBXFileReference; lastKnownFileType = image.png; path = "star_half@2x.png"; sourceTree = "<group>"; };
		29B4D11C1ABEBE7200899F29 /* star_red@2x.png */ = {isa = PBXFileReference; lastKnownFileType = image.png; path = "star_red@2x.png"; sourceTree = "<group>"; };
		29B4D11D1ABEBE7200899F29 /* star_unfav@2x.png */ = {isa = PBXFileReference; lastKnownFileType = image.png; path = "star_unfav@2x.png"; sourceTree = "<group>"; };
		29B4D11E1ABEBE7200899F29 /* star_white@2x.png */ = {isa = PBXFileReference; lastKnownFileType = image.png; path = "star_white@2x.png"; sourceTree = "<group>"; };
		29B4D11F1ABEBE7200899F29 /* starIcon.png */ = {isa = PBXFileReference; lastKnownFileType = image.png; path = starIcon.png; sourceTree = "<group>"; };
		29B4D1361ABEBE7200899F29 /* loading@2x.png */ = {isa = PBXFileReference; lastKnownFileType = image.png; path = "loading@2x.png"; sourceTree = "<group>"; };
		29B4D1381ABEBE7200899F29 /* CoverIcon.jpg */ = {isa = PBXFileReference; lastKnownFileType = image.jpeg; path = CoverIcon.jpg; sourceTree = "<group>"; };
		29B4D1391ABEBE7200899F29 /* Dock_play.png */ = {isa = PBXFileReference; lastKnownFileType = image.png; path = Dock_play.png; sourceTree = "<group>"; };
		29B4D13A1ABEBE7200899F29 /* musicincon.png */ = {isa = PBXFileReference; lastKnownFileType = image.png; path = musicincon.png; sourceTree = "<group>"; };
		29B4D13B1ABEBE7200899F29 /* new_top.png */ = {isa = PBXFileReference; lastKnownFileType = image.png; path = new_top.png; sourceTree = "<group>"; };
		29B4D13C1ABEBE7200899F29 /* original_top.png */ = {isa = PBXFileReference; lastKnownFileType = image.png; path = original_top.png; sourceTree = "<group>"; };
		29B4D13D1ABEBE7200899F29 /* PlayStop.png */ = {isa = PBXFileReference; lastKnownFileType = image.png; path = PlayStop.png; sourceTree = "<group>"; };
		29B4D13E1ABEBE7200899F29 /* radio_top.png */ = {isa = PBXFileReference; lastKnownFileType = image.png; path = radio_top.png; sourceTree = "<group>"; };
		29B4D13F1ABEBE7200899F29 /* red_top.png */ = {isa = PBXFileReference; lastKnownFileType = image.png; path = red_top.png; sourceTree = "<group>"; };
		29B4D1401ABEBE7200899F29 /* surge_top.png */ = {isa = PBXFileReference; lastKnownFileType = image.png; path = surge_top.png; sourceTree = "<group>"; };
		29B4D1421ABEBE7200899F29 /* Author.jpg */ = {isa = PBXFileReference; lastKnownFileType = image.jpeg; path = Author.jpg; sourceTree = "<group>"; };
		29B4D1431ABEBE7200899F29 /* Back_Setting.png */ = {isa = PBXFileReference; lastKnownFileType = image.png; path = Back_Setting.png; sourceTree = "<group>"; };
		29B4D1441ABEBE7200899F29 /* Settingforward_pressed@2x.png */ = {isa = PBXFileReference; lastKnownFileType = image.png; path = "Settingforward_pressed@2x.png"; sourceTree = "<group>"; };
		29B4D1451ABEBE7200899F29 /* user_normal.jpg */ = {isa = PBXFileReference; lastKnownFileType = image.jpeg; path = user_normal.jpg; sourceTree = "<group>"; };
		29B4D1471ABEBE7200899F29 /* home_film@2x.png */ = {isa = PBXFileReference; lastKnownFileType = image.png; path = "home_film@2x.png"; sourceTree = "<group>"; };
		29B4D14A1ABEBE7200899F29 /* morePage_setting@2x.png */ = {isa = PBXFileReference; lastKnownFileType = image.png; path = "morePage_setting@2x.png"; sourceTree = "<group>"; };
		29B4D14B1ABEBE7200899F29 /* TabBar_bg@2x.png */ = {isa = PBXFileReference; lastKnownFileType = image.png; path = "TabBar_bg@2x.png"; sourceTree = "<group>"; };
		29B4D14C1ABEBE7200899F29 /* TabBarItem_Selected@2x.png */ = {isa = PBXFileReference; lastKnownFileType = image.png; path = "TabBarItem_Selected@2x.png"; sourceTree = "<group>"; };
		29B4D14E1ABEBE7200899F29 /* AboutAuthor.txt */ = {isa = PBXFileReference; fileEncoding = 4; lastKnownFileType = text; path = AboutAuthor.txt; sourceTree = "<group>"; };
		29B4D14F1ABEBE7200899F29 /* channels.plist */ = {isa = PBXFileReference; fileEncoding = 4; lastKnownFileType = text.plist.xml; path = channels.plist; sourceTree = "<group>"; };
		29B4D1501ABEBE7200899F29 /* Music_ranking.plist */ = {isa = PBXFileReference; fileEncoding = 4; lastKnownFileType = text.plist.xml; path = Music_ranking.plist; sourceTree = "<group>"; };
		29B4D1511ABEBE7200899F29 /* setlist.plist */ = {isa = PBXFileReference; fileEncoding = 4; lastKnownFileType = text.plist.xml; path = setlist.plist; sourceTree = "<group>"; };
		29B4D1901ABF0D6C00899F29 /* RootViewController.h */ = {isa = PBXFileReference; fileEncoding = 4; lastKnownFileType = sourcecode.c.h; path = RootViewController.h; sourceTree = "<group>"; };
		29B4D1911ABF0D6C00899F29 /* RootViewController.m */ = {isa = PBXFileReference; fileEncoding = 4; lastKnownFileType = sourcecode.c.objc; path = RootViewController.m; sourceTree = "<group>"; };
		29BE7A491AC1668700963F97 /* DMLoginViewController.h */ = {isa = PBXFileReference; fileEncoding = 4; lastKnownFileType = sourcecode.c.h; path = DMLoginViewController.h; sourceTree = "<group>"; };
		29BE7A4A1AC1668700963F97 /* DMLoginViewController.m */ = {isa = PBXFileReference; fileEncoding = 4; lastKnownFileType = sourcecode.c.objc; path = DMLoginViewController.m; sourceTree = "<group>"; };
		29D07B871ACAF33F00B3D69E /* DMPlayerView.h */ = {isa = PBXFileReference; fileEncoding = 4; lastKnownFileType = sourcecode.c.h; path = DMPlayerView.h; sourceTree = "<group>"; };
		29D07B881ACAF33F00B3D69E /* DMPlayerView.m */ = {isa = PBXFileReference; fileEncoding = 4; lastKnownFileType = sourcecode.c.objc; path = DMPlayerView.m; sourceTree = "<group>"; };
		29FC25E31AC452870055A770 /* AccountInfo.h */ = {isa = PBXFileReference; fileEncoding = 4; lastKnownFileType = sourcecode.c.h; path = AccountInfo.h; sourceTree = "<group>"; };
		29FC25E41AC452870055A770 /* AccountInfo.m */ = {isa = PBXFileReference; fileEncoding = 4; lastKnownFileType = sourcecode.c.objc; path = AccountInfo.m; sourceTree = "<group>"; };
		29FC40361ABB0BAA005D97DC /* Main.storyboard */ = {isa = PBXFileReference; fileEncoding = 4; lastKnownFileType = file.storyboard; path = Main.storyboard; sourceTree = "<group>"; };
		62EFE6757B0D7C97578719DC /* Pods.debug.xcconfig */ = {isa = PBXFileReference; includeInIndex = 1; lastKnownFileType = text.xcconfig; name = Pods.debug.xcconfig; path = "Pods/Target Support Files/Pods/Pods.debug.xcconfig"; sourceTree = "<group>"; };
		8A544F34E9223A3F392A68E8 /* Podfile */ = {isa = PBXFileReference; fileEncoding = 4; lastKnownFileType = text; path = Podfile; sourceTree = "<group>"; xcLanguageSpecificationIdentifier = xcode.lang.ruby; };
		91578B2819DE2AD8A3EE13F1 /* libPods.a */ = {isa = PBXFileReference; explicitFileType = archive.ar; includeInIndex = 0; path = libPods.a; sourceTree = BUILT_PRODUCTS_DIR; };
		ECDD4AB39CBD51B04F934DA5 /* Pods.release.xcconfig */ = {isa = PBXFileReference; includeInIndex = 1; lastKnownFileType = text.xcconfig; name = Pods.release.xcconfig; path = "Pods/Target Support Files/Pods/Pods.release.xcconfig"; sourceTree = "<group>"; };
/* End PBXFileReference section */

/* Begin PBXFrameworksBuildPhase section */
		297625411AB675DE00008804 /* Frameworks */ = {
			isa = PBXFrameworksBuildPhase;
			buildActionMask = 2147483647;
			files = (
				1B95DDCBFA3C0E32FBAA006C /* libPods.a in Frameworks */,
			);
			runOnlyForDeploymentPostprocessing = 0;
		};
		2976255D1AB675DE00008804 /* Frameworks */ = {
			isa = PBXFrameworksBuildPhase;
			buildActionMask = 2147483647;
			files = (
			);
			runOnlyForDeploymentPostprocessing = 0;
		};
/* End PBXFrameworksBuildPhase section */

/* Begin PBXGroup section */
		29141D781AC7AB9300FDDC85 /* ChannelList */ = {
			isa = PBXGroup;
			children = (
				29141D791AC7ABB100FDDC85 /* DMChannelManager.h */,
				29141D7A1AC7ABB100FDDC85 /* DMChannelManager.m */,
			);
			path = ChannelList;
			sourceTree = "<group>";
		};
		2940BAF01AB87F3C00D1069A /* Classes */ = {
			isa = PBXGroup;
			children = (
				2940BAF11AB87F3C00D1069A /* Assets */,
				2940BAF21AB87F3C00D1069A /* Common */,
				2940BAF61AB87F3C00D1069A /* Controllers */,
				2940BAF91AB87F3C00D1069A /* Models */,
				2940BAFD1AB87F3C00D1069A /* Tools */,
				2940BAFE1AB87F3C00D1069A /* Views */,
			);
			path = Classes;
			sourceTree = "<group>";
		};
		2940BAF11AB87F3C00D1069A /* Assets */ = {
			isa = PBXGroup;
			children = (
			);
			path = Assets;
			sourceTree = "<group>";
		};
		2940BAF21AB87F3C00D1069A /* Common */ = {
			isa = PBXGroup;
			children = (
				2978D1951AC035D4005CB2F3 /* Com_navigationController.h */,
				2978D1961AC035D4005CB2F3 /* Com_navigationController.m */,
				2940BAF31AB87F3C00D1069A /* AppDelegate */,
				2999D9761ABB12BA00F43C54 /* DMGlobal.h */,
				29A35B091AC6879200C2C2ED /* UIImage+DMResizeImage.h */,
				29A35B0A1AC6879200C2C2ED /* UIImage+DMResizeImage.m */,
			);
			path = Common;
			sourceTree = "<group>";
		};
		2940BAF31AB87F3C00D1069A /* AppDelegate */ = {
			isa = PBXGroup;
			children = (
				2940BAF41AB87F3C00D1069A /* AppDelegate.h */,
				2940BAF51AB87F3C00D1069A /* AppDelegate.m */,
			);
			path = AppDelegate;
			sourceTree = "<group>";
		};
		2940BAF61AB87F3C00D1069A /* Controllers */ = {
			isa = PBXGroup;
			children = (
				29BE7A481AC1663000963F97 /* DMLogin */,
				2978D1991AC059AC005CB2F3 /* DMFM */,
				29FC403B1ABB0C1A005D97DC /* DMHome */,
			);
			path = Controllers;
			sourceTree = "<group>";
		};
		2940BAF91AB87F3C00D1069A /* Models */ = {
			isa = PBXGroup;
			children = (
				296F47151AC188E800231873 /* Managers */,
				296F47171AC188E800231873 /* ObjectModels */,
				2940BAFA1AB87F3C00D1069A /* DataBaseLayers */,
			);
			path = Models;
			sourceTree = "<group>";
		};
		2940BAFA1AB87F3C00D1069A /* DataBaseLayers */ = {
			isa = PBXGroup;
			children = (
				2940BAFB1AB87F3C00D1069A /* DoubanMedia.xcdatamodeld */,
			);
			path = DataBaseLayers;
			sourceTree = "<group>";
		};
		2940BAFD1AB87F3C00D1069A /* Tools */ = {
			isa = PBXGroup;
			children = (
				297FFCD41AD01C3D00A6D3EE /* DMDeviceManager.h */,
				297FFCD51AD01C3D00A6D3EE /* DMDeviceManager.m */,
			);
			path = Tools;
			sourceTree = "<group>";
		};
		2940BAFE1AB87F3C00D1069A /* Views */ = {
			isa = PBXGroup;
			children = (
				29FC40381ABB0C0D005D97DC /* Views */,
				2940BAFF1AB87F3C00D1069A /* Sbs */,
				2940BB011AB87F3C00D1069A /* Xibs */,
			);
			path = Views;
			sourceTree = "<group>";
		};
		2940BAFF1AB87F3C00D1069A /* Sbs */ = {
			isa = PBXGroup;
			children = (
				29FC40361ABB0BAA005D97DC /* Main.storyboard */,
			);
			path = Sbs;
			sourceTree = "<group>";
		};
		2940BB011AB87F3C00D1069A /* Xibs */ = {
			isa = PBXGroup;
			children = (
				2940BB021AB87F3C00D1069A /* LaunchScreen.xib */,
			);
			path = Xibs;
			sourceTree = "<group>";
		};
		296F470E1AC187B500231873 /* UserLogin */ = {
			isa = PBXGroup;
			children = (
				296F470F1AC187B500231873 /* push_close_normal_btn@2x.png */,
				296F47101AC187B500231873 /* splash_screen_logo.png */,
				296F47111AC187B500231873 /* splash_screen_wave.png */,
			);
			path = UserLogin;
			sourceTree = "<group>";
		};
		296F47151AC188E800231873 /* Managers */ = {
			isa = PBXGroup;
			children = (
				29141D781AC7AB9300FDDC85 /* ChannelList */,
				296F47161AC188E800231873 /* UserLogin */,
			);
			path = Managers;
			sourceTree = "<group>";
		};
		296F47161AC188E800231873 /* UserLogin */ = {
			isa = PBXGroup;
			children = (
				2953C8AF1AC2E02B00F62F07 /* DMLoginManager.h */,
				2953C8B01AC2E02B00F62F07 /* DMLoginManager.m */,
			);
			path = UserLogin;
			sourceTree = "<group>";
		};
		296F47171AC188E800231873 /* ObjectModels */ = {
			isa = PBXGroup;
			children = (
				29FC25E31AC452870055A770 /* AccountInfo.h */,
				29FC25E41AC452870055A770 /* AccountInfo.m */,
				297AE74B1ACA4FA90037448C /* FMChannel.h */,
				297AE74C1ACA4FA90037448C /* FMChannel.m */,
			);
			path = ObjectModels;
			sourceTree = "<group>";
		};
		2976253B1AB675DE00008804 = {
			isa = PBXGroup;
			children = (
				297625461AB675DE00008804 /* DoubanMedia */,
				297625631AB675DE00008804 /* DoubanMediaTests */,
				297625451AB675DE00008804 /* Products */,
				8A544F34E9223A3F392A68E8 /* Podfile */,
				D2C7A77FA4C43394E0F13D80 /* Pods */,
				67B9E8C8F08C500E4C0D83A0 /* Frameworks */,
			);
			sourceTree = "<group>";
		};
		297625451AB675DE00008804 /* Products */ = {
			isa = PBXGroup;
			children = (
				297625441AB675DE00008804 /* DoubanMedia.app */,
				297625601AB675DE00008804 /* DoubanMediaTests.xctest */,
			);
			name = Products;
			sourceTree = "<group>";
		};
		297625461AB675DE00008804 /* DoubanMedia */ = {
			isa = PBXGroup;
			children = (
				2940BAF01AB87F3C00D1069A /* Classes */,
				297625471AB675DE00008804 /* Supporting Files */,
			);
			path = DoubanMedia;
			sourceTree = "<group>";
		};
		297625471AB675DE00008804 /* Supporting Files */ = {
			isa = PBXGroup;
			children = (
				29B4D1091ABEBE7200899F29 /* Resource */,
				297625481AB675DE00008804 /* Info.plist */,
				297625491AB675DE00008804 /* main.m */,
				2976E8431AC4254C0016DD88 /* DoubanMedia.pch */,
			);
			name = "Supporting Files";
			sourceTree = "<group>";
		};
		297625631AB675DE00008804 /* DoubanMediaTests */ = {
			isa = PBXGroup;
			children = (
				297625661AB675DE00008804 /* DoubanMediaTests.m */,
				297625641AB675DE00008804 /* Supporting Files */,
			);
			path = DoubanMediaTests;
			sourceTree = "<group>";
		};
		297625641AB675DE00008804 /* Supporting Files */ = {
			isa = PBXGroup;
			children = (
				297625651AB675DE00008804 /* Info.plist */,
			);
			name = "Supporting Files";
			sourceTree = "<group>";
		};
		2978D1991AC059AC005CB2F3 /* DMFM */ = {
			isa = PBXGroup;
			children = (
				2978D19A1AC064BC005CB2F3 /* DMFMChannelController.h */,
				2978D19B1AC064BC005CB2F3 /* DMFMChannelController.m */,
				297AE7501ACAC14F0037448C /* DMMusicPlayerController.h */,
				297AE7511ACAC14F0037448C /* DMMusicPlayerController.m */,
			);
			path = DMFM;
			sourceTree = "<group>";
		};
		297FFCD71AD03CF700A6D3EE /* Home */ = {
			isa = PBXGroup;
			children = (
				297FFCD81AD03CF700A6D3EE /* BackToList.png */,
				297FFCD91AD03CF700A6D3EE /* cell_bg@2x.png */,
				297FFCDA1AD03CF700A6D3EE /* DBFM.png */,
				297FFCDB1AD03CF700A6D3EE /* FMPlayBg-568h@2x.png */,
				297FFCDC1AD03CF700A6D3EE /* FMPlayBg@2x.png */,
				297FFCDD1AD03CF700A6D3EE /* ic_menu_normal.png */,
				297FFCDE1AD03CF700A6D3EE /* ic_player_ban.png */,
				297FFCDF1AD03CF700A6D3EE /* ic_player_ban_disable.png */,
				297FFCE01AD03CF700A6D3EE /* ic_player_ban_highlight.png */,
				297FFCE11AD03CF700A6D3EE /* ic_player_fav.png */,
				297FFCE21AD03CF700A6D3EE /* ic_player_fav_disable.png */,
				297FFCE31AD03CF700A6D3EE /* ic_player_fav_highlight.png */,
				297FFCE41AD03CF700A6D3EE /* ic_player_fav_selected.png */,
				297FFCE51AD03CF700A6D3EE /* ic_player_fav_selected_highlight.png */,
				297FFCE61AD03CF700A6D3EE /* ic_player_next.png */,
				297FFCE71AD03CF700A6D3EE /* ic_player_next_disable.png */,
				297FFCE81AD03CF700A6D3EE /* ic_player_next_highlight.png */,
				297FFCE91AD03CF700A6D3EE /* Nav_play.png */,
				297FFCEA1AD03CF700A6D3EE /* pause.png */,
				297FFCEB1AD03CF700A6D3EE /* play_sound@2x.png */,
				297FFCEC1AD03CF700A6D3EE /* playAnimation_play.png */,
				297FFCED1AD03CF700A6D3EE /* refresh_pressed.png */,
				297FFCEE1AD03CF700A6D3EE /* start.png */,
			);
			path = Home;
			sourceTree = "<group>";
		};
		29A35B0F1AC698BC00C2C2ED /* DMFM */ = {
			isa = PBXGroup;
			children = (
				29756D8B1ACD9F940011A8E7 /* AlbumRoundView.h */,
				29756D8C1ACD9F940011A8E7 /* AlbumRoundView.m */,
				29A35B101AC698F200C2C2ED /* DMFMTableViewCell.h */,
				29A35B111AC698F200C2C2ED /* DMFMTableViewCell.m */,
				29A35B151AC6D5D700C2C2ED /* DMFMUserHeaderView.h */,
				29A35B161AC6D5D700C2C2ED /* DMFMUserHeaderView.m */,
				29D07B871ACAF33F00B3D69E /* DMPlayerView.h */,
				29D07B881ACAF33F00B3D69E /* DMPlayerView.m */,
			);
			path = DMFM;
			sourceTree = "<group>";
		};
		29B4D1091ABEBE7200899F29 /* Resource */ = {
			isa = PBXGroup;
			children = (
				297625571AB675DE00008804 /* Images.xcassets */,
				29B4D10A1ABEBE7200899F29 /* images */,
				29B4D14D1ABEBE7200899F29 /* Plist */,
			);
			path = Resource;
			sourceTree = "<group>";
		};
		29B4D10A1ABEBE7200899F29 /* images */ = {
			isa = PBXGroup;
			children = (
				297FFCD71AD03CF700A6D3EE /* Home */,
				296F470E1AC187B500231873 /* UserLogin */,
				29B4D10B1ABEBE7200899F29 /* Defalut */,
				29B4D1121ABEBE7200899F29 /* DoubanMovie */,
				29B4D1351ABEBE7200899F29 /* Indicator */,
				29B4D1371ABEBE7200899F29 /* MusicInfo */,
				29B4D1411ABEBE7200899F29 /* Setting */,
				29B4D1461ABEBE7200899F29 /* TabBar */,
			);
			path = images;
			sourceTree = "<group>";
		};
		29B4D10B1ABEBE7200899F29 /* Defalut */ = {
			isa = PBXGroup;
			children = (
				29B4D10C1ABEBE7200899F29 /* Default-568h@2x.png */,
				29B4D10D1ABEBE7200899F29 /* Default.png */,
				29B4D10E1ABEBE7200899F29 /* Default@2x.png */,
				29B4D10F1ABEBE7200899F29 /* icon */,
			);
			path = Defalut;
			sourceTree = "<group>";
		};
		29B4D10F1ABEBE7200899F29 /* icon */ = {
			isa = PBXGroup;
			children = (
				29B4D1101ABEBE7200899F29 /* Icon.png */,
				29B4D1111ABEBE7200899F29 /* Icon@2x.png */,
			);
			path = icon;
			sourceTree = "<group>";
		};
		29B4D1121ABEBE7200899F29 /* DoubanMovie */ = {
			isa = PBXGroup;
			children = (
				29B4D1131ABEBE7200899F29 /* defaultmovie@2x.png */,
				29B4D1141ABEBE7200899F29 /* ic_star_gray@2x.png */,
				29B4D1151ABEBE7200899F29 /* ic_star_half@2x.png */,
				29B4D1161ABEBE7200899F29 /* ic_star_red@2x.png */,
				29B4D1171ABEBE7200899F29 /* l_star_half@2x.png */,
				29B4D1181ABEBE7200899F29 /* l_star_red@2x.png */,
				29B4D1191ABEBE7200899F29 /* l_star_white@2x.png */,
				29B4D11A1ABEBE7200899F29 /* star_faved@2x.png */,
				29B4D11B1ABEBE7200899F29 /* star_half@2x.png */,
				29B4D11C1ABEBE7200899F29 /* star_red@2x.png */,
				29B4D11D1ABEBE7200899F29 /* star_unfav@2x.png */,
				29B4D11E1ABEBE7200899F29 /* star_white@2x.png */,
				29B4D11F1ABEBE7200899F29 /* starIcon.png */,
			);
			path = DoubanMovie;
			sourceTree = "<group>";
		};
		29B4D1351ABEBE7200899F29 /* Indicator */ = {
			isa = PBXGroup;
			children = (
				29B4D1361ABEBE7200899F29 /* loading@2x.png */,
			);
			path = Indicator;
			sourceTree = "<group>";
		};
		29B4D1371ABEBE7200899F29 /* MusicInfo */ = {
			isa = PBXGroup;
			children = (
				29A35B131AC6A3A100C2C2ED /* redMusicIncon.png */,
				29B4D1381ABEBE7200899F29 /* CoverIcon.jpg */,
				29B4D1391ABEBE7200899F29 /* Dock_play.png */,
				29B4D13A1ABEBE7200899F29 /* musicincon.png */,
				29B4D13B1ABEBE7200899F29 /* new_top.png */,
				29B4D13C1ABEBE7200899F29 /* original_top.png */,
				29B4D13D1ABEBE7200899F29 /* PlayStop.png */,
				29B4D13E1ABEBE7200899F29 /* radio_top.png */,
				29B4D13F1ABEBE7200899F29 /* red_top.png */,
				29B4D1401ABEBE7200899F29 /* surge_top.png */,
			);
			path = MusicInfo;
			sourceTree = "<group>";
		};
		29B4D1411ABEBE7200899F29 /* Setting */ = {
			isa = PBXGroup;
			children = (
				29B4D1421ABEBE7200899F29 /* Author.jpg */,
				29B4D1431ABEBE7200899F29 /* Back_Setting.png */,
				29B4D1441ABEBE7200899F29 /* Settingforward_pressed@2x.png */,
				29B4D1451ABEBE7200899F29 /* user_normal.jpg */,
			);
			path = Setting;
			sourceTree = "<group>";
		};
		29B4D1461ABEBE7200899F29 /* TabBar */ = {
			isa = PBXGroup;
			children = (
				29141D6D1AC7070200FDDC85 /* home_fm@2x.png */,
				29B4D1471ABEBE7200899F29 /* home_film@2x.png */,
				29141D6B1AC703E100FDDC85 /* home_mm@2x.png */,
				29B4D14A1ABEBE7200899F29 /* morePage_setting@2x.png */,
				29B4D14B1ABEBE7200899F29 /* TabBar_bg@2x.png */,
				29B4D14C1ABEBE7200899F29 /* TabBarItem_Selected@2x.png */,
			);
			path = TabBar;
			sourceTree = "<group>";
		};
		29B4D14D1ABEBE7200899F29 /* Plist */ = {
			isa = PBXGroup;
			children = (
				29B4D14E1ABEBE7200899F29 /* AboutAuthor.txt */,
				29B4D14F1ABEBE7200899F29 /* channels.plist */,
				29B4D1501ABEBE7200899F29 /* Music_ranking.plist */,
				29B4D1511ABEBE7200899F29 /* setlist.plist */,
			);
			path = Plist;
			sourceTree = "<group>";
		};
		29BE7A481AC1663000963F97 /* DMLogin */ = {
			isa = PBXGroup;
			children = (
				29BE7A491AC1668700963F97 /* DMLoginViewController.h */,
				29BE7A4A1AC1668700963F97 /* DMLoginViewController.m */,
			);
			path = DMLogin;
			sourceTree = "<group>";
		};
		29FC40381ABB0C0D005D97DC /* Views */ = {
			isa = PBXGroup;
			children = (
				29A35B0F1AC698BC00C2C2ED /* DMFM */,
				29FC40391ABB0C0D005D97DC /* DMHome */,
				29A35B061AC6624900C2C2ED /* BaseTableViewCell.h */,
				29A35B071AC6624900C2C2ED /* BaseTableViewCell.m */,
				29A35B0C1AC68DEF00C2C2ED /* BaseTableView.h */,
				29A35B0D1AC68DEF00C2C2ED /* BaseTableView.m */,
			);
			path = Views;
			sourceTree = "<group>";
		};
		29FC40391ABB0C0D005D97DC /* DMHome */ = {
			isa = PBXGroup;
			children = (
				29FC403F1ABB0C68005D97DC /* TabTool */,
			);
			path = DMHome;
			sourceTree = "<group>";
		};
		29FC403B1ABB0C1A005D97DC /* DMHome */ = {
			isa = PBXGroup;
			children = (
				29B4D1901ABF0D6C00899F29 /* RootViewController.h */,
				29B4D1911ABF0D6C00899F29 /* RootViewController.m */,
			);
			path = DMHome;
			sourceTree = "<group>";
		};
		29FC403F1ABB0C68005D97DC /* TabTool */ = {
			isa = PBXGroup;
			children = (
				2999D9771ABB134400F43C54 /* RootTabView.h */,
				2999D9781ABB134400F43C54 /* RootTabView.m */,
				29B4D1061ABEBCA300899F29 /* TabItem.h */,
				29B4D1071ABEBCA300899F29 /* TabItem.m */,
			);
			path = TabTool;
			sourceTree = "<group>";
		};
		67B9E8C8F08C500E4C0D83A0 /* Frameworks */ = {
			isa = PBXGroup;
			children = (
				91578B2819DE2AD8A3EE13F1 /* libPods.a */,
			);
			name = Frameworks;
			sourceTree = "<group>";
		};
		D2C7A77FA4C43394E0F13D80 /* Pods */ = {
			isa = PBXGroup;
			children = (
				62EFE6757B0D7C97578719DC /* Pods.debug.xcconfig */,
				ECDD4AB39CBD51B04F934DA5 /* Pods.release.xcconfig */,
			);
			name = Pods;
			sourceTree = "<group>";
		};
/* End PBXGroup section */

/* Begin PBXNativeTarget section */
		297625431AB675DE00008804 /* DoubanMedia */ = {
			isa = PBXNativeTarget;
			buildConfigurationList = 2976256A1AB675DE00008804 /* Build configuration list for PBXNativeTarget "DoubanMedia" */;
			buildPhases = (
				CC324818A2346791ABB5CD83 /* Check Pods Manifest.lock */,
				297625401AB675DE00008804 /* Sources */,
				297625411AB675DE00008804 /* Frameworks */,
				297625421AB675DE00008804 /* Resources */,
				51B2225D0BF5F3088E53D501 /* Copy Pods Resources */,
			);
			buildRules = (
			);
			dependencies = (
			);
			name = DoubanMedia;
			productName = DoubanMedia;
			productReference = 297625441AB675DE00008804 /* DoubanMedia.app */;
			productType = "com.apple.product-type.application";
		};
		2976255F1AB675DE00008804 /* DoubanMediaTests */ = {
			isa = PBXNativeTarget;
			buildConfigurationList = 2976256D1AB675DE00008804 /* Build configuration list for PBXNativeTarget "DoubanMediaTests" */;
			buildPhases = (
				2976255C1AB675DE00008804 /* Sources */,
				2976255D1AB675DE00008804 /* Frameworks */,
				2976255E1AB675DE00008804 /* Resources */,
			);
			buildRules = (
			);
			dependencies = (
				297625621AB675DE00008804 /* PBXTargetDependency */,
			);
			name = DoubanMediaTests;
			productName = DoubanMediaTests;
			productReference = 297625601AB675DE00008804 /* DoubanMediaTests.xctest */;
			productType = "com.apple.product-type.bundle.unit-test";
		};
/* End PBXNativeTarget section */

/* Begin PBXProject section */
		2976253C1AB675DE00008804 /* Project object */ = {
			isa = PBXProject;
			attributes = {
				LastUpgradeCheck = 0630;
				ORGANIZATIONNAME = jsonmess;
				TargetAttributes = {
					297625431AB675DE00008804 = {
						CreatedOnToolsVersion = 6.3;
					};
					2976255F1AB675DE00008804 = {
						CreatedOnToolsVersion = 6.3;
						TestTargetID = 297625431AB675DE00008804;
					};
				};
			};
			buildConfigurationList = 2976253F1AB675DE00008804 /* Build configuration list for PBXProject "DoubanMedia" */;
			compatibilityVersion = "Xcode 3.2";
			developmentRegion = English;
			hasScannedForEncodings = 0;
			knownRegions = (
				en,
				Base,
			);
			mainGroup = 2976253B1AB675DE00008804;
			productRefGroup = 297625451AB675DE00008804 /* Products */;
			projectDirPath = "";
			projectRoot = "";
			targets = (
				297625431AB675DE00008804 /* DoubanMedia */,
				2976255F1AB675DE00008804 /* DoubanMediaTests */,
			);
		};
/* End PBXProject section */

/* Begin PBXResourcesBuildPhase section */
		297625421AB675DE00008804 /* Resources */ = {
			isa = PBXResourcesBuildPhase;
			buildActionMask = 2147483647;
			files = (
				29B4D15A1ABEBE7200899F29 /* ic_star_red@2x.png in Resources */,
				29B4D1601ABEBE7200899F29 /* star_red@2x.png in Resources */,
				29B4D1581ABEBE7200899F29 /* ic_star_gray@2x.png in Resources */,
				29B4D1611ABEBE7200899F29 /* star_unfav@2x.png in Resources */,
				2940BB071AB87F3C00D1069A /* LaunchScreen.xib in Resources */,
				29B4D1861ABEBE7200899F29 /* home_film@2x.png in Resources */,
				296F47121AC187B500231873 /* push_close_normal_btn@2x.png in Resources */,
				29B4D18B1ABEBE7200899F29 /* TabBarItem_Selected@2x.png in Resources */,
				29B4D15C1ABEBE7200899F29 /* l_star_red@2x.png in Resources */,
				29B4D1571ABEBE7200899F29 /* defaultmovie@2x.png in Resources */,
				297FFCFC1AD03CF700A6D3EE /* ic_player_fav_selected_highlight.png in Resources */,
				29B4D1801ABEBE7200899F29 /* red_top.png in Resources */,
				297FFCF01AD03CF700A6D3EE /* cell_bg@2x.png in Resources */,
				296F47131AC187B500231873 /* splash_screen_logo.png in Resources */,
				29141D6E1AC7070200FDDC85 /* home_fm@2x.png in Resources */,
				29B4D15D1ABEBE7200899F29 /* l_star_white@2x.png in Resources */,
				297FFCFA1AD03CF700A6D3EE /* ic_player_fav_highlight.png in Resources */,
				297FFCF21AD03CF700A6D3EE /* FMPlayBg-568h@2x.png in Resources */,
				297FFD051AD03CF700A6D3EE /* start.png in Resources */,
				29B4D17B1ABEBE7200899F29 /* musicincon.png in Resources */,
				29B4D1591ABEBE7200899F29 /* ic_star_half@2x.png in Resources */,
				29B4D17A1ABEBE7200899F29 /* Dock_play.png in Resources */,
				29B4D18F1ABEBE7200899F29 /* setlist.plist in Resources */,
				29B4D1841ABEBE7200899F29 /* Settingforward_pressed@2x.png in Resources */,
				29B4D1561ABEBE7200899F29 /* Icon@2x.png in Resources */,
				29B4D1781ABEBE7200899F29 /* loading@2x.png in Resources */,
				29B4D1531ABEBE7200899F29 /* Default.png in Resources */,
				29B4D1831ABEBE7200899F29 /* Back_Setting.png in Resources */,
				297FFCFD1AD03CF700A6D3EE /* ic_player_next.png in Resources */,
				297FFCEF1AD03CF700A6D3EE /* BackToList.png in Resources */,
				297FFCF11AD03CF700A6D3EE /* DBFM.png in Resources */,
				297FFD031AD03CF700A6D3EE /* playAnimation_play.png in Resources */,
				297625581AB675DE00008804 /* Images.xcassets in Resources */,
				29B4D1821ABEBE7200899F29 /* Author.jpg in Resources */,
				297FFD011AD03CF700A6D3EE /* pause.png in Resources */,
				297FFCF41AD03CF700A6D3EE /* ic_menu_normal.png in Resources */,
				29B4D17E1ABEBE7200899F29 /* PlayStop.png in Resources */,
				297FFCF61AD03CF700A6D3EE /* ic_player_ban_disable.png in Resources */,
				297FFCF51AD03CF700A6D3EE /* ic_player_ban.png in Resources */,
				8A544CE265375C9223304D52 /* Podfile in Resources */,
				297FFCFF1AD03CF700A6D3EE /* ic_player_next_highlight.png in Resources */,
				29B4D17D1ABEBE7200899F29 /* original_top.png in Resources */,
				29B4D15F1ABEBE7200899F29 /* star_half@2x.png in Resources */,
				297FFCFB1AD03CF700A6D3EE /* ic_player_fav_selected.png in Resources */,
				29B4D1621ABEBE7200899F29 /* star_white@2x.png in Resources */,
				29B4D1551ABEBE7200899F29 /* Icon.png in Resources */,
				297FFCF91AD03CF700A6D3EE /* ic_player_fav_disable.png in Resources */,
				29B4D1521ABEBE7200899F29 /* Default-568h@2x.png in Resources */,
				29B4D1791ABEBE7200899F29 /* CoverIcon.jpg in Resources */,
				297FFCF81AD03CF700A6D3EE /* ic_player_fav.png in Resources */,
				297FFCFE1AD03CF700A6D3EE /* ic_player_next_disable.png in Resources */,
				29B4D17F1ABEBE7200899F29 /* radio_top.png in Resources */,
				29B4D1541ABEBE7200899F29 /* Default@2x.png in Resources */,
				29A35B141AC6A3A100C2C2ED /* redMusicIncon.png in Resources */,
				29B4D1811ABEBE7200899F29 /* surge_top.png in Resources */,
				29B4D17C1ABEBE7200899F29 /* new_top.png in Resources */,
				29B4D1851ABEBE7200899F29 /* user_normal.jpg in Resources */,
				297FFCF31AD03CF700A6D3EE /* FMPlayBg@2x.png in Resources */,
				29B4D18A1ABEBE7200899F29 /* TabBar_bg@2x.png in Resources */,
				297FFCF71AD03CF700A6D3EE /* ic_player_ban_highlight.png in Resources */,
				297FFD001AD03CF700A6D3EE /* Nav_play.png in Resources */,
				29B4D1891ABEBE7200899F29 /* morePage_setting@2x.png in Resources */,
				296F47141AC187B500231873 /* splash_screen_wave.png in Resources */,
				29B4D18D1ABEBE7200899F29 /* channels.plist in Resources */,
				29B4D18E1ABEBE7200899F29 /* Music_ranking.plist in Resources */,
				29141D6C1AC703E100FDDC85 /* home_mm@2x.png in Resources */,
				297FFD021AD03CF700A6D3EE /* play_sound@2x.png in Resources */,
				297FFD041AD03CF700A6D3EE /* refresh_pressed.png in Resources */,
				29B4D1631ABEBE7200899F29 /* starIcon.png in Resources */,
				29B4D15B1ABEBE7200899F29 /* l_star_half@2x.png in Resources */,
				29FC40371ABB0BAA005D97DC /* Main.storyboard in Resources */,
				29B4D15E1ABEBE7200899F29 /* star_faved@2x.png in Resources */,
				29B4D18C1ABEBE7200899F29 /* AboutAuthor.txt in Resources */,
			);
			runOnlyForDeploymentPostprocessing = 0;
		};
		2976255E1AB675DE00008804 /* Resources */ = {
			isa = PBXResourcesBuildPhase;
			buildActionMask = 2147483647;
			files = (
			);
			runOnlyForDeploymentPostprocessing = 0;
		};
/* End PBXResourcesBuildPhase section */

/* Begin PBXShellScriptBuildPhase section */
		51B2225D0BF5F3088E53D501 /* Copy Pods Resources */ = {
			isa = PBXShellScriptBuildPhase;
			buildActionMask = 2147483647;
			files = (
			);
			inputPaths = (
			);
			name = "Copy Pods Resources";
			outputPaths = (
			);
			runOnlyForDeploymentPostprocessing = 0;
			shellPath = /bin/sh;
			shellScript = "\"${SRCROOT}/Pods/Target Support Files/Pods/Pods-resources.sh\"\n";
			showEnvVarsInLog = 0;
		};
		CC324818A2346791ABB5CD83 /* Check Pods Manifest.lock */ = {
			isa = PBXShellScriptBuildPhase;
			buildActionMask = 2147483647;
			files = (
			);
			inputPaths = (
			);
			name = "Check Pods Manifest.lock";
			outputPaths = (
			);
			runOnlyForDeploymentPostprocessing = 0;
			shellPath = /bin/sh;
			shellScript = "diff \"${PODS_ROOT}/../Podfile.lock\" \"${PODS_ROOT}/Manifest.lock\" > /dev/null\nif [[ $? != 0 ]] ; then\n    cat << EOM\nerror: The sandbox is not in sync with the Podfile.lock. Run 'pod install' or update your CocoaPods installation.\nEOM\n    exit 1\nfi\n";
			showEnvVarsInLog = 0;
		};
/* End PBXShellScriptBuildPhase section */

/* Begin PBXSourcesBuildPhase section */
		297625401AB675DE00008804 /* Sources */ = {
			isa = PBXSourcesBuildPhase;
			buildActionMask = 2147483647;
			files = (
				2978D1971AC035D4005CB2F3 /* Com_navigationController.m in Sources */,
				29B4D1081ABEBCA300899F29 /* TabItem.m in Sources */,
				297AE74D1ACA4FA90037448C /* FMChannel.m in Sources */,
				29B4D1921ABF0D6C00899F29 /* RootViewController.m in Sources */,
				29BE7A4B1AC1668700963F97 /* DMLoginViewController.m in Sources */,
				29141D7B1AC7ABB100FDDC85 /* DMChannelManager.m in Sources */,
				2978D19C1AC064BC005CB2F3 /* DMFMChannelController.m in Sources */,
				2940BB051AB87F3C00D1069A /* DoubanMedia.xcdatamodeld in Sources */,
				29A35B171AC6D5D700C2C2ED /* DMFMUserHeaderView.m in Sources */,
				29A35B0E1AC68DEF00C2C2ED /* BaseTableView.m in Sources */,
				29D07B891ACAF33F00B3D69E /* DMPlayerView.m in Sources */,
				2953C8B11AC2E02B00F62F07 /* DMLoginManager.m in Sources */,
				297AE7521ACAC14F0037448C /* DMMusicPlayerController.m in Sources */,
				2940BB031AB87F3C00D1069A /* AppDelegate.m in Sources */,
				29A35B081AC6624900C2C2ED /* BaseTableViewCell.m in Sources */,
				2976254A1AB675DE00008804 /* main.m in Sources */,
				297FFCD61AD01C3D00A6D3EE /* DMDeviceManager.m in Sources */,
				29A35B0B1AC6879200C2C2ED /* UIImage+DMResizeImage.m in Sources */,
				29FC25E51AC452870055A770 /* AccountInfo.m in Sources */,
				2999D9791ABB134400F43C54 /* RootTabView.m in Sources */,
				29A35B121AC698F200C2C2ED /* DMFMTableViewCell.m in Sources */,
				29756D8D1ACD9F940011A8E7 /* AlbumRoundView.m in Sources */,
			);
			runOnlyForDeploymentPostprocessing = 0;
		};
		2976255C1AB675DE00008804 /* Sources */ = {
			isa = PBXSourcesBuildPhase;
			buildActionMask = 2147483647;
			files = (
				297625671AB675DE00008804 /* DoubanMediaTests.m in Sources */,
			);
			runOnlyForDeploymentPostprocessing = 0;
		};
/* End PBXSourcesBuildPhase section */

/* Begin PBXTargetDependency section */
		297625621AB675DE00008804 /* PBXTargetDependency */ = {
			isa = PBXTargetDependency;
			target = 297625431AB675DE00008804 /* DoubanMedia */;
			targetProxy = 297625611AB675DE00008804 /* PBXContainerItemProxy */;
		};
/* End PBXTargetDependency section */

/* Begin XCBuildConfiguration section */
		297625681AB675DE00008804 /* Debug */ = {
			isa = XCBuildConfiguration;
			buildSettings = {
				ALWAYS_SEARCH_USER_PATHS = NO;
				CLANG_CXX_LANGUAGE_STANDARD = "gnu++0x";
				CLANG_CXX_LIBRARY = "libc++";
				CLANG_ENABLE_MODULES = YES;
				CLANG_ENABLE_OBJC_ARC = YES;
				CLANG_WARN_BOOL_CONVERSION = YES;
				CLANG_WARN_CONSTANT_CONVERSION = YES;
				CLANG_WARN_DIRECT_OBJC_ISA_USAGE = YES_ERROR;
				CLANG_WARN_EMPTY_BODY = YES;
				CLANG_WARN_ENUM_CONVERSION = YES;
				CLANG_WARN_INT_CONVERSION = YES;
				CLANG_WARN_OBJC_ROOT_CLASS = YES_ERROR;
				CLANG_WARN_UNREACHABLE_CODE = YES;
				CLANG_WARN__DUPLICATE_METHOD_MATCH = YES;
				CODE_SIGN_IDENTITY = "";
				"CODE_SIGN_IDENTITY[sdk=iphoneos*]" = "";
				COPY_PHASE_STRIP = NO;
				DEBUG_INFORMATION_FORMAT = dwarf;
				ENABLE_STRICT_OBJC_MSGSEND = YES;
				GCC_C_LANGUAGE_STANDARD = gnu99;
				GCC_DYNAMIC_NO_PIC = NO;
				GCC_OPTIMIZATION_LEVEL = 0;
				GCC_PREPROCESSOR_DEFINITIONS = (
					"DEBUG=1",
					"$(inherited)",
				);
				GCC_SYMBOLS_PRIVATE_EXTERN = NO;
				GCC_WARN_64_TO_32_BIT_CONVERSION = YES;
				GCC_WARN_ABOUT_RETURN_TYPE = YES_ERROR;
				GCC_WARN_UNDECLARED_SELECTOR = YES;
				GCC_WARN_UNINITIALIZED_AUTOS = YES_AGGRESSIVE;
				GCC_WARN_UNUSED_FUNCTION = YES;
				GCC_WARN_UNUSED_VARIABLE = YES;
				IPHONEOS_DEPLOYMENT_TARGET = 8.3;
				MTL_ENABLE_DEBUG_INFO = YES;
				ONLY_ACTIVE_ARCH = YES;
				PROVISIONING_PROFILE = "00cad6bc-43b7-465d-9776-059ec5ad3c3f";
				SDKROOT = iphoneos;
			};
			name = Debug;
		};
		297625691AB675DE00008804 /* Release */ = {
			isa = XCBuildConfiguration;
			buildSettings = {
				ALWAYS_SEARCH_USER_PATHS = NO;
				CLANG_CXX_LANGUAGE_STANDARD = "gnu++0x";
				CLANG_CXX_LIBRARY = "libc++";
				CLANG_ENABLE_MODULES = YES;
				CLANG_ENABLE_OBJC_ARC = YES;
				CLANG_WARN_BOOL_CONVERSION = YES;
				CLANG_WARN_CONSTANT_CONVERSION = YES;
				CLANG_WARN_DIRECT_OBJC_ISA_USAGE = YES_ERROR;
				CLANG_WARN_EMPTY_BODY = YES;
				CLANG_WARN_ENUM_CONVERSION = YES;
				CLANG_WARN_INT_CONVERSION = YES;
				CLANG_WARN_OBJC_ROOT_CLASS = YES_ERROR;
				CLANG_WARN_UNREACHABLE_CODE = YES;
				CLANG_WARN__DUPLICATE_METHOD_MATCH = YES;
				CODE_SIGN_IDENTITY = "";
				"CODE_SIGN_IDENTITY[sdk=iphoneos*]" = "";
				COPY_PHASE_STRIP = NO;
				DEBUG_INFORMATION_FORMAT = "dwarf-with-dsym";
				ENABLE_NS_ASSERTIONS = NO;
				ENABLE_STRICT_OBJC_MSGSEND = YES;
				GCC_C_LANGUAGE_STANDARD = gnu99;
				GCC_WARN_64_TO_32_BIT_CONVERSION = YES;
				GCC_WARN_ABOUT_RETURN_TYPE = YES_ERROR;
				GCC_WARN_UNDECLARED_SELECTOR = YES;
				GCC_WARN_UNINITIALIZED_AUTOS = YES_AGGRESSIVE;
				GCC_WARN_UNUSED_FUNCTION = YES;
				GCC_WARN_UNUSED_VARIABLE = YES;
				IPHONEOS_DEPLOYMENT_TARGET = 8.3;
				MTL_ENABLE_DEBUG_INFO = NO;
				PROVISIONING_PROFILE = "00cad6bc-43b7-465d-9776-059ec5ad3c3f";
				SDKROOT = iphoneos;
				VALIDATE_PRODUCT = YES;
			};
			name = Release;
		};
		2976256B1AB675DE00008804 /* Debug */ = {
			isa = XCBuildConfiguration;
			baseConfigurationReference = 62EFE6757B0D7C97578719DC /* Pods.debug.xcconfig */;
			buildSettings = {
				ASSETCATALOG_COMPILER_APPICON_NAME = AppIcon;
				ASSETCATALOG_COMPILER_LAUNCHIMAGE_NAME = LaunchImage;
				CODE_SIGN_IDENTITY = "";
				"CODE_SIGN_IDENTITY[sdk=iphoneos*]" = "";
				GCC_PRECOMPILE_PREFIX_HEADER = YES;
				GCC_PREFIX_HEADER = "$(SRCROOT)/DoubanMedia/DoubanMedia.pch";
				INFOPLIST_FILE = DoubanMedia/Info.plist;
				IPHONEOS_DEPLOYMENT_TARGET = 6.0;
				LD_RUNPATH_SEARCH_PATHS = "$(inherited) @executable_path/Frameworks";
				PRODUCT_NAME = "$(TARGET_NAME)";
				PROVISIONING_PROFILE = "00cad6bc-43b7-465d-9776-059ec5ad3c3f";
				TARGETED_DEVICE_FAMILY = "1,2";
			};
			name = Debug;
		};
		2976256C1AB675DE00008804 /* Release */ = {
			isa = XCBuildConfiguration;
			baseConfigurationReference = ECDD4AB39CBD51B04F934DA5 /* Pods.release.xcconfig */;
			buildSettings = {
				ASSETCATALOG_COMPILER_APPICON_NAME = AppIcon;
				ASSETCATALOG_COMPILER_LAUNCHIMAGE_NAME = LaunchImage;
				CODE_SIGN_IDENTITY = "";
				GCC_PRECOMPILE_PREFIX_HEADER = YES;
				GCC_PREFIX_HEADER = "$(SRCROOT)/DoubanMedia/DoubanMedia.pch";
				INFOPLIST_FILE = DoubanMedia/Info.plist;
				IPHONEOS_DEPLOYMENT_TARGET = 6.0;
				LD_RUNPATH_SEARCH_PATHS = "$(inherited) @executable_path/Frameworks";
				PRODUCT_NAME = "$(TARGET_NAME)";
				PROVISIONING_PROFILE = "00cad6bc-43b7-465d-9776-059ec5ad3c3f";
				TARGETED_DEVICE_FAMILY = "1,2";
			};
			name = Release;
		};
		2976256E1AB675DE00008804 /* Debug */ = {
			isa = XCBuildConfiguration;
			buildSettings = {
				BUNDLE_LOADER = "$(TEST_HOST)";
				CODE_SIGN_IDENTITY = "iPhone Developer: Qiang Zhu (N3YQQZE5KP)";
				FRAMEWORK_SEARCH_PATHS = (
					"$(SDKROOT)/Developer/Library/Frameworks",
					"$(inherited)",
				);
				GCC_PREPROCESSOR_DEFINITIONS = (
					"DEBUG=1",
					"$(inherited)",
				);
				INFOPLIST_FILE = DoubanMediaTests/Info.plist;
				LD_RUNPATH_SEARCH_PATHS = "$(inherited) @executable_path/Frameworks @loader_path/Frameworks";
				PRODUCT_NAME = "$(TARGET_NAME)";
				PROVISIONING_PROFILE = "00cad6bc-43b7-465d-9776-059ec5ad3c3f";
				TEST_HOST = "$(BUILT_PRODUCTS_DIR)/DoubanMedia.app/DoubanMedia";
			};
			name = Debug;
		};
		2976256F1AB675DE00008804 /* Release */ = {
			isa = XCBuildConfiguration;
			buildSettings = {
				BUNDLE_LOADER = "$(TEST_HOST)";
				CODE_SIGN_IDENTITY = "iPhone Developer: Qiang Zhu (N3YQQZE5KP)";
				FRAMEWORK_SEARCH_PATHS = (
					"$(SDKROOT)/Developer/Library/Frameworks",
					"$(inherited)",
				);
				INFOPLIST_FILE = DoubanMediaTests/Info.plist;
				LD_RUNPATH_SEARCH_PATHS = "$(inherited) @executable_path/Frameworks @loader_path/Frameworks";
				PRODUCT_NAME = "$(TARGET_NAME)";
				PROVISIONING_PROFILE = "00cad6bc-43b7-465d-9776-059ec5ad3c3f";
				TEST_HOST = "$(BUILT_PRODUCTS_DIR)/DoubanMedia.app/DoubanMedia";
			};
			name = Release;
		};
/* End XCBuildConfiguration section */

/* Begin XCConfigurationList section */
		2976253F1AB675DE00008804 /* Build configuration list for PBXProject "DoubanMedia" */ = {
			isa = XCConfigurationList;
			buildConfigurations = (
				297625681AB675DE00008804 /* Debug */,
				297625691AB675DE00008804 /* Release */,
			);
			defaultConfigurationIsVisible = 0;
			defaultConfigurationName = Release;
		};
		2976256A1AB675DE00008804 /* Build configuration list for PBXNativeTarget "DoubanMedia" */ = {
			isa = XCConfigurationList;
			buildConfigurations = (
				2976256B1AB675DE00008804 /* Debug */,
				2976256C1AB675DE00008804 /* Release */,
			);
			defaultConfigurationIsVisible = 0;
			defaultConfigurationName = Release;
		};
		2976256D1AB675DE00008804 /* Build configuration list for PBXNativeTarget "DoubanMediaTests" */ = {
			isa = XCConfigurationList;
			buildConfigurations = (
				2976256E1AB675DE00008804 /* Debug */,
				2976256F1AB675DE00008804 /* Release */,
			);
			defaultConfigurationIsVisible = 0;
			defaultConfigurationName = Release;
		};
/* End XCConfigurationList section */

/* Begin XCVersionGroup section */
		2940BAFB1AB87F3C00D1069A /* DoubanMedia.xcdatamodeld */ = {
			isa = XCVersionGroup;
			children = (
				2940BAFC1AB87F3C00D1069A /* DoubanMedia.xcdatamodel */,
			);
			currentVersion = 2940BAFC1AB87F3C00D1069A /* DoubanMedia.xcdatamodel */;
			path = DoubanMedia.xcdatamodeld;
			sourceTree = "<group>";
			versionGroupType = wrapper.xcdatamodel;
		};
/* End XCVersionGroup section */
	};
	rootObject = 2976253C1AB675DE00008804 /* Project object */;
}
